
Microsoft Visual Studio Solution File, Format Version 12.00
# Visual Studio 14
VisualStudioVersion = 14.0.25420.1
MinimumVisualStudioVersion = 10.0.40219.1
Project("{FAE04EC0-301F-11D3-BF4B-00C04F79EFBC}") = "CodeFirst", "CodeFirst.csproj", "{946AB3D6-A146-4370-96FD-2E75EA361E6D}"
EndProject
Project("{FAE04EC0-301F-11D3-BF4B-00C04F79EFBC}") = "Domain", "..\Domain\Domain.csproj", "{49F387B4-838B-4815-91CB-974617B9F0C6}"
EndProject
Project("{FAE04EC0-301F-11D3-BF4B-00C04F79EFBC}") = "Wrapper", "..\Wrapper\Wrapper.csproj", "{1C077885-1065-463F-AD2B-8BA348D3B7CA}"
EndProject
Project("{FAE04EC0-301F-11D3-BF4B-00C04F79EFBC}") = "Models", "..\Models\Models.csproj", "{98605ABE-FACB-4D2E-8E30-4B1B73D28E9A}"
EndProject
Project("{FAE04EC0-301F-11D3-BF4B-00C04F79EFBC}") = "BusinessLayerAccess", "..\BusinessLayerAccess\BusinessLayerAccess.csproj", "{32F50E18-DBBA-4F59-BBC0-C3C3EE21949B}"
EndProject
Project("{FAE04EC0-301F-11D3-BF4B-00C04F79EFBC}") = "WebUI", "..\WebUI\WebUI.csproj", "{6BED7B6C-D2BB-4685-A32D-7B56B0173862}"
EndProject
Project("{FAE04EC0-301F-11D3-BF4B-00C04F79EFBC}") = "ServerSideTimer", "..\Timer\ServerSideTimer.csproj", "{56C271D3-ABD4-4D3D-9B17-DE8627DACA10}"
EndProject
Global
	GlobalSection(SolutionConfigurationPlatforms) = preSolution
		Debug|Any CPU = Debug|Any CPU
		Release|Any CPU = Release|Any CPU
	EndGlobalSection
	GlobalSection(ProjectConfigurationPlatforms) = postSolution
		{946AB3D6-A146-4370-96FD-2E75EA361E6D}.Debug|Any CPU.ActiveCfg = Debug|Any CPU
		{946AB3D6-A146-4370-96FD-2E75EA361E6D}.Debug|Any CPU.Build.0 = Debug|Any CPU
		{946AB3D6-A146-4370-96FD-2E75EA361E6D}.Release|Any CPU.ActiveCfg = Release|Any CPU
		{946AB3D6-A146-4370-96FD-2E75EA361E6D}.Release|Any CPU.Build.0 = Release|Any CPU
		{49F387B4-838B-4815-91CB-974617B9F0C6}.Debug|Any CPU.ActiveCfg = Debug|Any CPU
		{49F387B4-838B-4815-91CB-974617B9F0C6}.Debug|Any CPU.Build.0 = Debug|Any CPU
		{49F387B4-838B-4815-91CB-974617B9F0C6}.Release|Any CPU.ActiveCfg = Release|Any CPU
		{49F387B4-838B-4815-91CB-974617B9F0C6}.Release|Any CPU.Build.0 = Release|Any CPU
		{1C077885-1065-463F-AD2B-8BA348D3B7CA}.Debug|Any CPU.ActiveCfg = Debug|Any CPU
		{1C077885-1065-463F-AD2B-8BA348D3B7CA}.Debug|Any CPU.Build.0 = Debug|Any CPU
		{1C077885-1065-463F-AD2B-8BA348D3B7CA}.Release|Any CPU.ActiveCfg = Release|Any CPU
		{1C077885-1065-463F-AD2B-8BA348D3B7CA}.Release|Any CPU.Build.0 = Release|Any CPU
		{98605ABE-FACB-4D2E-8E30-4B1B73D28E9A}.Debug|Any CPU.ActiveCfg = Debug|Any CPU
		{98605ABE-FACB-4D2E-8E30-4B1B73D28E9A}.Debug|Any CPU.Build.0 = Debug|Any CPU
		{98605ABE-FACB-4D2E-8E30-4B1B73D28E9A}.Release|Any CPU.ActiveCfg = Release|Any CPU
		{98605ABE-FACB-4D2E-8E30-4B1B73D28E9A}.Release|Any CPU.Build.0 = Release|Any CPU
		{32F50E18-DBBA-4F59-BBC0-C3C3EE21949B}.Debug|Any CPU.ActiveCfg = Debug|Any CPU
		{32F50E18-DBBA-4F59-BBC0-C3C3EE21949B}.Debug|Any CPU.Build.0 = Debug|Any CPU
		{32F50E18-DBBA-4F59-BBC0-C3C3EE21949B}.Release|Any CPU.ActiveCfg = Release|Any CPU
		{32F50E18-DBBA-4F59-BBC0-C3C3EE21949B}.Release|Any CPU.Build.0 = Release|Any CPU
		{6BED7B6C-D2BB-4685-A32D-7B56B0173862}.Debug|Any CPU.ActiveCfg = Debug|Any CPU
		{6BED7B6C-D2BB-4685-A32D-7B56B0173862}.Debug|Any CPU.Build.0 = Debug|Any CPU
		{6BED7B6C-D2BB-4685-A32D-7B56B0173862}.Release|Any CPU.ActiveCfg = Release|Any CPU
		{6BED7B6C-D2BB-4685-A32D-7B56B0173862}.Release|Any CPU.Build.0 = Release|Any CPU
		{56C271D3-ABD4-4D3D-9B17-DE8627DACA10}.Debug|Any CPU.ActiveCfg = Debug|Any CPU
		{56C271D3-ABD4-4D3D-9B17-DE8627DACA10}.Debug|Any CPU.Build.0 = Debug|Any CPU
		{56C271D3-ABD4-4D3D-9B17-DE8627DACA10}.Release|Any CPU.ActiveCfg = Release|Any CPU
		{56C271D3-ABD4-4D3D-9B17-DE8627DACA10}.Release|Any CPU.Build.0 = Release|Any CPU
	EndGlobalSection
	GlobalSection(SolutionProperties) = preSolution
		HideSolutionNode = FALSE
	EndGlobalSection
EndGlobal
